
Microsoft Visual Studio Solution File, Format Version 12.00
# Visual Studio Version 17
VisualStudioVersion = 17.0.31903.59
MinimumVisualStudioVersion = 10.0.40219.1
Project("{2150E333-8FDC-42A3-9474-1A3956D46DE8}") = "src", "src", "{8EF152A5-E155-42E1-8261-4599ABEC754E}"
EndProject
Project("{FAE04EC0-301F-11D3-BF4B-00C04F79EFBC}") = "AuctionService", "src\AuctionService\AuctionService.csproj", "{A55E3296-8D54-4F58-83C7-F533C66D2F08}"
EndProject
Project("{FAE04EC0-301F-11D3-BF4B-00C04F79EFBC}") = "SearchService", "src\SearchService\SearchService.csproj", "{31BB18AF-4883-4AC1-9FA2-0C2FB776E304}"
EndProject
Project("{FAE04EC0-301F-11D3-BF4B-00C04F79EFBC}") = "Contracts", "src\Contracts\Contracts.csproj", "{AC3D3519-C692-4861-A0C0-4C921A647296}"
EndProject
Project("{FAE04EC0-301F-11D3-BF4B-00C04F79EFBC}") = "IdentityService", "src\IdentityService\IdentityService.csproj", "{933EC250-EDFA-4F57-A8DE-77389803C583}"
EndProject
Project("{FAE04EC0-301F-11D3-BF4B-00C04F79EFBC}") = "GatewayService", "src\GatewayService\GatewayService.csproj", "{7177B75F-F3B0-477E-B261-A89E04B7561C}"
EndProject
Project("{FAE04EC0-301F-11D3-BF4B-00C04F79EFBC}") = "BiddingService", "src\BiddingService\BiddingService.csproj", "{4F0A1E44-D663-41D0-9E39-8538E68DCB82}"
EndProject
Project("{FAE04EC0-301F-11D3-BF4B-00C04F79EFBC}") = "NotificationService", "src\NotificationService\NotificationService.csproj", "{D1BCC74E-FF18-4A62-AC34-7ABA4D7F5C7A}"
EndProject
Global
	GlobalSection(SolutionConfigurationPlatforms) = preSolution
		Debug|Any CPU = Debug|Any CPU
		Release|Any CPU = Release|Any CPU
	EndGlobalSection
	GlobalSection(SolutionProperties) = preSolution
		HideSolutionNode = FALSE
	EndGlobalSection
	GlobalSection(ProjectConfigurationPlatforms) = postSolution
		{A55E3296-8D54-4F58-83C7-F533C66D2F08}.Debug|Any CPU.ActiveCfg = Debug|Any CPU
		{A55E3296-8D54-4F58-83C7-F533C66D2F08}.Debug|Any CPU.Build.0 = Debug|Any CPU
		{A55E3296-8D54-4F58-83C7-F533C66D2F08}.Release|Any CPU.ActiveCfg = Release|Any CPU
		{A55E3296-8D54-4F58-83C7-F533C66D2F08}.Release|Any CPU.Build.0 = Release|Any CPU
		{31BB18AF-4883-4AC1-9FA2-0C2FB776E304}.Debug|Any CPU.ActiveCfg = Debug|Any CPU
		{31BB18AF-4883-4AC1-9FA2-0C2FB776E304}.Debug|Any CPU.Build.0 = Debug|Any CPU
		{31BB18AF-4883-4AC1-9FA2-0C2FB776E304}.Release|Any CPU.ActiveCfg = Release|Any CPU
		{31BB18AF-4883-4AC1-9FA2-0C2FB776E304}.Release|Any CPU.Build.0 = Release|Any CPU
		{AC3D3519-C692-4861-A0C0-4C921A647296}.Debug|Any CPU.ActiveCfg = Debug|Any CPU
		{AC3D3519-C692-4861-A0C0-4C921A647296}.Debug|Any CPU.Build.0 = Debug|Any CPU
		{AC3D3519-C692-4861-A0C0-4C921A647296}.Release|Any CPU.ActiveCfg = Release|Any CPU
		{AC3D3519-C692-4861-A0C0-4C921A647296}.Release|Any CPU.Build.0 = Release|Any CPU
		{933EC250-EDFA-4F57-A8DE-77389803C583}.Debug|Any CPU.ActiveCfg = Debug|Any CPU
		{933EC250-EDFA-4F57-A8DE-77389803C583}.Debug|Any CPU.Build.0 = Debug|Any CPU
		{933EC250-EDFA-4F57-A8DE-77389803C583}.Release|Any CPU.ActiveCfg = Release|Any CPU
		{933EC250-EDFA-4F57-A8DE-77389803C583}.Release|Any CPU.Build.0 = Release|Any CPU
		{7177B75F-F3B0-477E-B261-A89E04B7561C}.Debug|Any CPU.ActiveCfg = Debug|Any CPU
		{7177B75F-F3B0-477E-B261-A89E04B7561C}.Debug|Any CPU.Build.0 = Debug|Any CPU
		{7177B75F-F3B0-477E-B261-A89E04B7561C}.Release|Any CPU.ActiveCfg = Release|Any CPU
		{7177B75F-F3B0-477E-B261-A89E04B7561C}.Release|Any CPU.Build.0 = Release|Any CPU
		{4F0A1E44-D663-41D0-9E39-8538E68DCB82}.Debug|Any CPU.ActiveCfg = Debug|Any CPU
		{4F0A1E44-D663-41D0-9E39-8538E68DCB82}.Debug|Any CPU.Build.0 = Debug|Any CPU
		{4F0A1E44-D663-41D0-9E39-8538E68DCB82}.Release|Any CPU.ActiveCfg = Release|Any CPU
		{4F0A1E44-D663-41D0-9E39-8538E68DCB82}.Release|Any CPU.Build.0 = Release|Any CPU
		{D1BCC74E-FF18-4A62-AC34-7ABA4D7F5C7A}.Debug|Any CPU.ActiveCfg = Debug|Any CPU
		{D1BCC74E-FF18-4A62-AC34-7ABA4D7F5C7A}.Debug|Any CPU.Build.0 = Debug|Any CPU
		{D1BCC74E-FF18-4A62-AC34-7ABA4D7F5C7A}.Release|Any CPU.ActiveCfg = Release|Any CPU
		{D1BCC74E-FF18-4A62-AC34-7ABA4D7F5C7A}.Release|Any CPU.Build.0 = Release|Any CPU
	EndGlobalSection
	GlobalSection(NestedProjects) = preSolution
		{A55E3296-8D54-4F58-83C7-F533C66D2F08} = {8EF152A5-E155-42E1-8261-4599ABEC754E}
		{31BB18AF-4883-4AC1-9FA2-0C2FB776E304} = {8EF152A5-E155-42E1-8261-4599ABEC754E}
		{AC3D3519-C692-4861-A0C0-4C921A647296} = {8EF152A5-E155-42E1-8261-4599ABEC754E}
		{933EC250-EDFA-4F57-A8DE-77389803C583} = {8EF152A5-E155-42E1-8261-4599ABEC754E}
		{7177B75F-F3B0-477E-B261-A89E04B7561C} = {8EF152A5-E155-42E1-8261-4599ABEC754E}
		{4F0A1E44-D663-41D0-9E39-8538E68DCB82} = {8EF152A5-E155-42E1-8261-4599ABEC754E}
		{D1BCC74E-FF18-4A62-AC34-7ABA4D7F5C7A} = {8EF152A5-E155-42E1-8261-4599ABEC754E}
	EndGlobalSection
EndGlobal
